
Microsoft Visual Studio Solution File, Format Version 12.00
# Visual Studio Version 16
VisualStudioVersion = 16.0.30011.22
MinimumVisualStudioVersion = 10.0.40219.1
Project("{FAE04EC0-301F-11D3-BF4B-00C04F79EFBC}") = "ExerciseJ", "ExerciseJ\ExerciseJ.csproj", "{D5520132-329B-4658-BBD1-B922068526EC}"
EndProject
Global
	GlobalSection(SolutionConfigurationPlatforms) = preSolution
		Debug|Any CPU = Debug|Any CPU
		Release|Any CPU = Release|Any CPU
	EndGlobalSection
	GlobalSection(ProjectConfigurationPlatforms) = postSolution
		{D5520132-329B-4658-BBD1-B922068526EC}.Debug|Any CPU.ActiveCfg = Debug|Any CPU
		{D5520132-329B-4658-BBD1-B922068526EC}.Debug|Any CPU.Build.0 = Debug|Any CPU
		{D5520132-329B-4658-BBD1-B922068526EC}.Release|Any CPU.ActiveCfg = Release|Any CPU
		{D5520132-329B-4658-BBD1-B922068526EC}.Release|Any CPU.Build.0 = Release|Any CPU
	EndGlobalSection
	GlobalSection(SolutionProperties) = preSolution
		HideSolutionNode = FALSE
	EndGlobalSection
	GlobalSection(ExtensibilityGlobals) = postSolution
		SolutionGuid = {8724128F-91A6-48D4-AE90-AC20C9A40CD9}
	EndGlobalSection
EndGlobal
