
Microsoft Visual Studio Solution File, Format Version 12.00
# Visual Studio Version 16
VisualStudioVersion = 16.0.30204.135
MinimumVisualStudioVersion = 10.0.40219.1
Project("{FAE04EC0-301F-11D3-BF4B-00C04F79EFBC}") = "Ex_ShoppingCartWithCookies", "Ex_ShoppingCartWithCookies\Ex_ShoppingCartWithCookies.csproj", "{EFF57C1F-ECB4-455E-83C3-10C0995F840B}"
EndProject
Global
	GlobalSection(SolutionConfigurationPlatforms) = preSolution
		Debug|Any CPU = Debug|Any CPU
		Release|Any CPU = Release|Any CPU
	EndGlobalSection
	GlobalSection(ProjectConfigurationPlatforms) = postSolution
		{EFF57C1F-ECB4-455E-83C3-10C0995F840B}.Debug|Any CPU.ActiveCfg = Debug|Any CPU
		{EFF57C1F-ECB4-455E-83C3-10C0995F840B}.Debug|Any CPU.Build.0 = Debug|Any CPU
		{EFF57C1F-ECB4-455E-83C3-10C0995F840B}.Release|Any CPU.ActiveCfg = Release|Any CPU
		{EFF57C1F-ECB4-455E-83C3-10C0995F840B}.Release|Any CPU.Build.0 = Release|Any CPU
	EndGlobalSection
	GlobalSection(SolutionProperties) = preSolution
		HideSolutionNode = FALSE
	EndGlobalSection
	GlobalSection(ExtensibilityGlobals) = postSolution
		SolutionGuid = {F0311ADB-AEAD-4252-B5D4-9292342F3CB7}
	EndGlobalSection
EndGlobal
