
Microsoft Visual Studio Solution File, Format Version 12.00
# Visual Studio Version 16
VisualStudioVersion = 16.0.30204.135
MinimumVisualStudioVersion = 10.0.40219.1
Project("{FAE04EC0-301F-11D3-BF4B-00C04F79EFBC}") = "Bonus01", "Bonus01\Bonus01.csproj", "{79C1CC2B-F92F-44F1-9840-5C8631EFCB22}"
EndProject
Project("{FAE04EC0-301F-11D3-BF4B-00C04F79EFBC}") = "Bonus01UnitTests", "Bonus01UnitTests\Bonus01UnitTests.csproj", "{4E6FF499-119C-4DE1-9D8C-BEFDB42377B0}"
EndProject
Global
	GlobalSection(SolutionConfigurationPlatforms) = preSolution
		Debug|Any CPU = Debug|Any CPU
		Release|Any CPU = Release|Any CPU
	EndGlobalSection
	GlobalSection(ProjectConfigurationPlatforms) = postSolution
		{79C1CC2B-F92F-44F1-9840-5C8631EFCB22}.Debug|Any CPU.ActiveCfg = Debug|Any CPU
		{79C1CC2B-F92F-44F1-9840-5C8631EFCB22}.Debug|Any CPU.Build.0 = Debug|Any CPU
		{79C1CC2B-F92F-44F1-9840-5C8631EFCB22}.Release|Any CPU.ActiveCfg = Release|Any CPU
		{79C1CC2B-F92F-44F1-9840-5C8631EFCB22}.Release|Any CPU.Build.0 = Release|Any CPU
		{4E6FF499-119C-4DE1-9D8C-BEFDB42377B0}.Debug|Any CPU.ActiveCfg = Debug|Any CPU
		{4E6FF499-119C-4DE1-9D8C-BEFDB42377B0}.Debug|Any CPU.Build.0 = Debug|Any CPU
		{4E6FF499-119C-4DE1-9D8C-BEFDB42377B0}.Release|Any CPU.ActiveCfg = Release|Any CPU
		{4E6FF499-119C-4DE1-9D8C-BEFDB42377B0}.Release|Any CPU.Build.0 = Release|Any CPU
	EndGlobalSection
	GlobalSection(SolutionProperties) = preSolution
		HideSolutionNode = FALSE
	EndGlobalSection
	GlobalSection(ExtensibilityGlobals) = postSolution
		SolutionGuid = {3A21BFFB-3D8E-46C8-8C9B-E3D2301D0CF6}
	EndGlobalSection
EndGlobal
