
Microsoft Visual Studio Solution File, Format Version 12.00
# Visual Studio Version 16
VisualStudioVersion = 16.0.30104.148
MinimumVisualStudioVersion = 10.0.40219.1
Project("{FAE04EC0-301F-11D3-BF4B-00C04F79EFBC}") = "Exercise60", "Exercise60\Exercise60.csproj", "{1185525D-077D-410B-AA51-EA07C6D6FE90}"
EndProject
Global
	GlobalSection(SolutionConfigurationPlatforms) = preSolution
		Debug|Any CPU = Debug|Any CPU
		Release|Any CPU = Release|Any CPU
	EndGlobalSection
	GlobalSection(ProjectConfigurationPlatforms) = postSolution
		{1185525D-077D-410B-AA51-EA07C6D6FE90}.Debug|Any CPU.ActiveCfg = Debug|Any CPU
		{1185525D-077D-410B-AA51-EA07C6D6FE90}.Debug|Any CPU.Build.0 = Debug|Any CPU
		{1185525D-077D-410B-AA51-EA07C6D6FE90}.Release|Any CPU.ActiveCfg = Release|Any CPU
		{1185525D-077D-410B-AA51-EA07C6D6FE90}.Release|Any CPU.Build.0 = Release|Any CPU
	EndGlobalSection
	GlobalSection(SolutionProperties) = preSolution
		HideSolutionNode = FALSE
	EndGlobalSection
	GlobalSection(ExtensibilityGlobals) = postSolution
		SolutionGuid = {16622141-7806-4C71-9377-4BA682D5F7F4}
	EndGlobalSection
EndGlobal
